{
  "name": "hueco-mundo-edopro-tests",
  "lockfileVersion": 3,
  "requires": true,
  "packages": {
    "": {
      "name": "hueco-mundo-edopro-tests",
      "dependencies": {
        "ocgcore-wasm": "0.1.2"
      }
    },
    "node_modules/ocgcore-wasm": {
      "version": "0.1.2",
      "resolved": "https://registry.npmjs.org/ocgcore-wasm/-/ocgcore-wasm-0.1.2.tgz",
      "integrity": "sha512-Zgjx2xIf2RJf1gjvHGR8lvcLRfw54Cq48QFMOrOxtt3SeAf+/h58IbVNoYpZbK7O5O23GCwLeNqS4T6zODHpWA==",
      "license": "MIT"
    }
  }
}
